<?xml version="1.0" encoding="utf-8"?>
<Project ToolsVersion="4.0" xmlns="http://schemas.microsoft.com/developer/msbuild/2003">
   <ItemGroup>
      <Filter Include="Source Files">
         <UniqueIdentifier>{5324730e-5344-48d7-a2f0-485d62a19dc8}</UniqueIdentifier>
         <Extensions>cpp;c;cxx;rc;def;r;odl;idl;hpj;bat;cc</Extensions>
      </Filter>
      <Filter Include="Source Files\lib">
         <UniqueIdentifier>{b691447e-1beb-4d15-a83a-ab6398676bce}</UniqueIdentifier>
      </Filter>
   </ItemGroup>
  <ItemGroup>
    <ResourceCompile Include="Torque.rc">
      <Filter>Source Files</Filter>
    </ResourceCompile>
  </ItemGroup>
   <ItemGroup>
      <ClCompile Include="D:\Alux3D\Engine\lib\lungif\dgif_lib.c">
         <Filter>Source Files\lib</Filter>
      </ClCompile>
      <ClCompile Include="D:\Alux3D\Engine\lib\lungif\gifalloc.c">
         <Filter>Source Files\lib</Filter>
      </ClCompile>
      <ClCompile Include="D:\Alux3D\Engine\lib\lungif\gif_err.c">
         <Filter>Source Files\lib</Filter>
      </ClCompile>
   </ItemGroup>
   <ItemGroup>
      <ClInclude Include="D:\Alux3D\Engine\lib\lungif\gif_lib.h">
         <Filter>Source Files\lib</Filter>
      </ClInclude>
      <ClInclude Include="D:\Alux3D\Engine\lib\lungif\gif_lib_private.h">
         <Filter>Source Files\lib</Filter>
      </ClInclude>
   </ItemGroup>
   <ItemGroup>
   </ItemGroup>
</Project>