<?xml version="1.0" encoding="utf-8"?>
<Project ToolsVersion="4.0" xmlns="http://schemas.microsoft.com/developer/msbuild/2003">
   <ItemGroup>
      <Filter Include="Source Files">
         <UniqueIdentifier>{b0e3e210-c4a0-4149-b6a4-221720a76db7}</UniqueIdentifier>
         <Extensions>cpp;c;cxx;rc;def;r;odl;idl;hpj;bat;cc</Extensions>
      </Filter>
      <Filter Include="Source Files\lib">
         <UniqueIdentifier>{b67c71b4-0c52-4380-931d-e969ee0d1442}</UniqueIdentifier>
      </Filter>
   </ItemGroup>
  <ItemGroup>
    <ResourceCompile Include="Torque.rc">
      <Filter>Source Files</Filter>
    </ResourceCompile>
  </ItemGroup>
   <ItemGroup>
      <ClCompile Include="D:\Alux3D\Engine\lib\tinyxml\tinystr.cpp">
         <Filter>Source Files\lib</Filter>
      </ClCompile>
      <ClCompile Include="D:\Alux3D\Engine\lib\tinyxml\tinyxml.cpp">
         <Filter>Source Files\lib</Filter>
      </ClCompile>
      <ClCompile Include="D:\Alux3D\Engine\lib\tinyxml\tinyxmlerror.cpp">
         <Filter>Source Files\lib</Filter>
      </ClCompile>
      <ClCompile Include="D:\Alux3D\Engine\lib\tinyxml\tinyxmlparser.cpp">
         <Filter>Source Files\lib</Filter>
      </ClCompile>
   </ItemGroup>
   <ItemGroup>
      <ClInclude Include="D:\Alux3D\Engine\lib\tinyxml\tinystr.h">
         <Filter>Source Files\lib</Filter>
      </ClInclude>
      <ClInclude Include="D:\Alux3D\Engine\lib\tinyxml\tinyxml.h">
         <Filter>Source Files\lib</Filter>
      </ClInclude>
   </ItemGroup>
   <ItemGroup>
   </ItemGroup>
</Project>